
Microsoft Visual Studio Solution File, Format Version 12.00
# Visual Studio Version 17
VisualStudioVersion = 17.14.36915.13 d17.14
MinimumVisualStudioVersion = 10.0.40219.1
Project("{FAE04EC0-301F-11D3-BF4B-00C04F79EFBC}") = "OP_pract11", "OP_pract11.csproj", "{5565516A-D505-4FB8-B91D-4BC98A5657FE}"
EndProject
Global
	GlobalSection(SolutionConfigurationPlatforms) = preSolution
		Debug|Any CPU = Debug|Any CPU
		Release|Any CPU = Release|Any CPU
	EndGlobalSection
	GlobalSection(ProjectConfigurationPlatforms) = postSolution
		{5565516A-D505-4FB8-B91D-4BC98A5657FE}.Debug|Any CPU.ActiveCfg = Debug|Any CPU
		{5565516A-D505-4FB8-B91D-4BC98A5657FE}.Debug|Any CPU.Build.0 = Debug|Any CPU
		{5565516A-D505-4FB8-B91D-4BC98A5657FE}.Release|Any CPU.ActiveCfg = Release|Any CPU
		{5565516A-D505-4FB8-B91D-4BC98A5657FE}.Release|Any CPU.Build.0 = Release|Any CPU
	EndGlobalSection
	GlobalSection(SolutionProperties) = preSolution
		HideSolutionNode = FALSE
	EndGlobalSection
	GlobalSection(ExtensibilityGlobals) = postSolution
		SolutionGuid = {2FBC1FA8-3BA9-4ADB-AE03-476615D7D1D6}
	EndGlobalSection
EndGlobal
